
Microsoft Visual Studio Solution File, Format Version 12.00
# Visual Studio Version 16
VisualStudioVersion = 16.0.29006.145
MinimumVisualStudioVersion = 10.0.40219.1
Project("{9A19103F-16F7-4668-BE54-9A1E7A4F7556}") = "QandA", "QandA.csproj", "{1FD405B9-B3E4-40B5-B245-1BFCF9F34AB3}"
EndProject
Project("{FAE04EC0-301F-11D3-BF4B-00C04F79EFBC}") = "BackendTests", "..\BackendTests\BackendTests.csproj", "{6A5897B1-9B7C-4892-9E8E-231A54220D0E}"
EndProject
Global
	GlobalSection(SolutionConfigurationPlatforms) = preSolution
		Debug|Any CPU = Debug|Any CPU
		Release|Any CPU = Release|Any CPU
	EndGlobalSection
	GlobalSection(ProjectConfigurationPlatforms) = postSolution
		{1FD405B9-B3E4-40B5-B245-1BFCF9F34AB3}.Debug|Any CPU.ActiveCfg = Debug|Any CPU
		{1FD405B9-B3E4-40B5-B245-1BFCF9F34AB3}.Debug|Any CPU.Build.0 = Debug|Any CPU
		{1FD405B9-B3E4-40B5-B245-1BFCF9F34AB3}.Release|Any CPU.ActiveCfg = Release|Any CPU
		{1FD405B9-B3E4-40B5-B245-1BFCF9F34AB3}.Release|Any CPU.Build.0 = Release|Any CPU
		{6A5897B1-9B7C-4892-9E8E-231A54220D0E}.Debug|Any CPU.ActiveCfg = Debug|Any CPU
		{6A5897B1-9B7C-4892-9E8E-231A54220D0E}.Debug|Any CPU.Build.0 = Debug|Any CPU
		{6A5897B1-9B7C-4892-9E8E-231A54220D0E}.Release|Any CPU.ActiveCfg = Release|Any CPU
		{6A5897B1-9B7C-4892-9E8E-231A54220D0E}.Release|Any CPU.Build.0 = Release|Any CPU
	EndGlobalSection
	GlobalSection(SolutionProperties) = preSolution
		HideSolutionNode = FALSE
	EndGlobalSection
	GlobalSection(ExtensibilityGlobals) = postSolution
		SolutionGuid = {97D87AC8-F64F-4E67-BB28-AEF43AE039FB}
	EndGlobalSection
EndGlobal
